// !$*UTF8*$!
{
	archiveVersion = 1;
	classes = {
	};
	objectVersion = 48;
	objects = {

/* Begin PBXBuildFile section */
		A700C4F21FF798BB0001A777 /* Extensions.swift in Sources */ = {isa = PBXBuildFile; fileRef = A700C4F11FF798BB0001A777 /* Extensions.swift */; };
		A7313B191FF7261C00C35460 /* SignupViewController.swift in Sources */ = {isa = PBXBuildFile; fileRef = A7313B181FF7261C00C35460 /* SignupViewController.swift */; };
		A7313B1D1FF7455E00C35460 /* FoodTableViewController.swift in Sources */ = {isa = PBXBuildFile; fileRef = A7313B1C1FF7455E00C35460 /* FoodTableViewController.swift */; };
		A73412D91FF70F2A0074777C /* LoginViewController.swift in Sources */ = {isa = PBXBuildFile; fileRef = A73412D81FF70F2A0074777C /* LoginViewController.swift */; };
		A75E20591FF75A5300524EC5 /* GoogleDelegate.swift in Sources */ = {isa = PBXBuildFile; fileRef = A75E20581FF75A5300524EC5 /* GoogleDelegate.swift */; };
		A763490D200499AC00C9EB0F /* BlurButton.swift in Sources */ = {isa = PBXBuildFile; fileRef = A763490C200499AC00C9EB0F /* BlurButton.swift */; };
		A763490F2004A7EA00C9EB0F /* Mission-Script.otf in Resources */ = {isa = PBXBuildFile; fileRef = A763490E2004A7D400C9EB0F /* Mission-Script.otf */; };
		A76349122004AD6E00C9EB0F /* SanFranciscoText-Regular.otf in Resources */ = {isa = PBXBuildFile; fileRef = A76349102004AD6800C9EB0F /* SanFranciscoText-Regular.otf */; };
		A779A7B21FF9CA040093CB51 /* HighlightButton.swift in Sources */ = {isa = PBXBuildFile; fileRef = A779A7B11FF9CA040093CB51 /* HighlightButton.swift */; };
		A779A7B41FF9D0680093CB51 /* RestaurantViewController.swift in Sources */ = {isa = PBXBuildFile; fileRef = A779A7B31FF9D0680093CB51 /* RestaurantViewController.swift */; };
		A78E59BA20034604000793A3 /* LoadingViewController.swift in Sources */ = {isa = PBXBuildFile; fileRef = A78E59B920034604000793A3 /* LoadingViewController.swift */; };
		A7BC05A81FF882C600905C89 /* FilterData.swift in Sources */ = {isa = PBXBuildFile; fileRef = A7BC05A71FF882C600905C89 /* FilterData.swift */; };
		A7BC05AA1FF8A93000905C89 /* PickyViewController.swift in Sources */ = {isa = PBXBuildFile; fileRef = A7BC05A91FF8A93000905C89 /* PickyViewController.swift */; };
		A7BC05AC1FF8AD8400905C89 /* PickyView.swift in Sources */ = {isa = PBXBuildFile; fileRef = A7BC05AB1FF8AD8400905C89 /* PickyView.swift */; };
		A7C567FF1FF702D200BB47C8 /* GoogleService-Info.plist in Resources */ = {isa = PBXBuildFile; fileRef = A7C567FE1FF702D200BB47C8 /* GoogleService-Info.plist */; };
		A7E338FF1FEDFAF60095C913 /* AppDelegate.swift in Sources */ = {isa = PBXBuildFile; fileRef = A7E338FE1FEDFAF60095C913 /* AppDelegate.swift */; };
		A7E339011FEDFAF60095C913 /* LaunchViewController.swift in Sources */ = {isa = PBXBuildFile; fileRef = A7E339001FEDFAF60095C913 /* LaunchViewController.swift */; };
		A7E339041FEDFAF60095C913 /* Main.storyboard in Resources */ = {isa = PBXBuildFile; fileRef = A7E339021FEDFAF60095C913 /* Main.storyboard */; };
		A7E339061FEDFAF60095C913 /* Assets.xcassets in Resources */ = {isa = PBXBuildFile; fileRef = A7E339051FEDFAF60095C913 /* Assets.xcassets */; };
		A7E339091FEDFAF60095C913 /* LaunchScreen.storyboard in Resources */ = {isa = PBXBuildFile; fileRef = A7E339071FEDFAF60095C913 /* LaunchScreen.storyboard */; };
		A7EDF52A1FFCAF87008F99E5 /* YelpData.swift in Sources */ = {isa = PBXBuildFile; fileRef = A7EDF5291FFCAF87008F99E5 /* YelpData.swift */; };
		B56A7DA11BE08529BAE0354A /* Pods_Picky.framework in Frameworks */ = {isa = PBXBuildFile; fileRef = 1303C1B20B31566A3CCE66FB /* Pods_Picky.framework */; };
/* End PBXBuildFile section */

/* Begin PBXFileReference section */
		1303C1B20B31566A3CCE66FB /* Pods_Picky.framework */ = {isa = PBXFileReference; explicitFileType = wrapper.framework; includeInIndex = 0; path = Pods_Picky.framework; sourceTree = BUILT_PRODUCTS_DIR; };
		1B81A3A8EE40FCEEDF4498A9 /* Pods-Picky.release.xcconfig */ = {isa = PBXFileReference; includeInIndex = 1; lastKnownFileType = text.xcconfig; name = "Pods-Picky.release.xcconfig"; path = "Pods/Target Support Files/Pods-Picky/Pods-Picky.release.xcconfig"; sourceTree = "<group>"; };
		59B23F115565B4F1C6D4C75D /* Pods-Picky.debug.xcconfig */ = {isa = PBXFileReference; includeInIndex = 1; lastKnownFileType = text.xcconfig; name = "Pods-Picky.debug.xcconfig"; path = "Pods/Target Support Files/Pods-Picky/Pods-Picky.debug.xcconfig"; sourceTree = "<group>"; };
		A700C4F11FF798BB0001A777 /* Extensions.swift */ = {isa = PBXFileReference; lastKnownFileType = sourcecode.swift; path = Extensions.swift; sourceTree = "<group>"; };
		A7313B181FF7261C00C35460 /* SignupViewController.swift */ = {isa = PBXFileReference; lastKnownFileType = sourcecode.swift; path = SignupViewController.swift; sourceTree = "<group>"; };
		A7313B1C1FF7455E00C35460 /* FoodTableViewController.swift */ = {isa = PBXFileReference; lastKnownFileType = sourcecode.swift; path = FoodTableViewController.swift; sourceTree = "<group>"; };
		A73412D81FF70F2A0074777C /* LoginViewController.swift */ = {isa = PBXFileReference; lastKnownFileType = sourcecode.swift; path = LoginViewController.swift; sourceTree = "<group>"; };
		A75E20581FF75A5300524EC5 /* GoogleDelegate.swift */ = {isa = PBXFileReference; lastKnownFileType = sourcecode.swift; path = GoogleDelegate.swift; sourceTree = "<group>"; };
		A763490C200499AC00C9EB0F /* BlurButton.swift */ = {isa = PBXFileReference; lastKnownFileType = sourcecode.swift; path = BlurButton.swift; sourceTree = "<group>"; };
		A763490E2004A7D400C9EB0F /* Mission-Script.otf */ = {isa = PBXFileReference; lastKnownFileType = file; path = "Mission-Script.otf"; sourceTree = "<group>"; };
		A76349102004AD6800C9EB0F /* SanFranciscoText-Regular.otf */ = {isa = PBXFileReference; lastKnownFileType = file; path = "SanFranciscoText-Regular.otf"; sourceTree = "<group>"; };
		A779A7B11FF9CA040093CB51 /* HighlightButton.swift */ = {isa = PBXFileReference; lastKnownFileType = sourcecode.swift; path = HighlightButton.swift; sourceTree = "<group>"; };
		A779A7B31FF9D0680093CB51 /* RestaurantViewController.swift */ = {isa = PBXFileReference; lastKnownFileType = sourcecode.swift; path = RestaurantViewController.swift; sourceTree = "<group>"; };
		A78E59B920034604000793A3 /* LoadingViewController.swift */ = {isa = PBXFileReference; lastKnownFileType = sourcecode.swift; path = LoadingViewController.swift; sourceTree = "<group>"; };
		A7BC05A71FF882C600905C89 /* FilterData.swift */ = {isa = PBXFileReference; lastKnownFileType = sourcecode.swift; path = FilterData.swift; sourceTree = "<group>"; };
		A7BC05A91FF8A93000905C89 /* PickyViewController.swift */ = {isa = PBXFileReference; lastKnownFileType = sourcecode.swift; path = PickyViewController.swift; sourceTree = "<group>"; };
		A7BC05AB1FF8AD8400905C89 /* PickyView.swift */ = {isa = PBXFileReference; lastKnownFileType = sourcecode.swift; path = PickyView.swift; sourceTree = "<group>"; };
		A7C567FE1FF702D200BB47C8 /* GoogleService-Info.plist */ = {isa = PBXFileReference; fileEncoding = 4; lastKnownFileType = text.plist.xml; path = "GoogleService-Info.plist"; sourceTree = "<group>"; };
		A7E338FB1FEDFAF60095C913 /* Picky.app */ = {isa = PBXFileReference; explicitFileType = wrapper.application; includeInIndex = 0; path = Picky.app; sourceTree = BUILT_PRODUCTS_DIR; };
		A7E338FE1FEDFAF60095C913 /* AppDelegate.swift */ = {isa = PBXFileReference; lastKnownFileType = sourcecode.swift; path = AppDelegate.swift; sourceTree = "<group>"; };
		A7E339001FEDFAF60095C913 /* LaunchViewController.swift */ = {isa = PBXFileReference; lastKnownFileType = sourcecode.swift; path = LaunchViewController.swift; sourceTree = "<group>"; };
		A7E339031FEDFAF60095C913 /* Base */ = {isa = PBXFileReference; lastKnownFileType = file.storyboard; name = Base; path = Base.lproj/Main.storyboard; sourceTree = "<group>"; };
		A7E339051FEDFAF60095C913 /* Assets.xcassets */ = {isa = PBXFileReference; lastKnownFileType = folder.assetcatalog; path = Assets.xcassets; sourceTree = "<group>"; };
		A7E339081FEDFAF60095C913 /* Base */ = {isa = PBXFileReference; lastKnownFileType = file.storyboard; name = Base; path = Base.lproj/LaunchScreen.storyboard; sourceTree = "<group>"; };
		A7E3390A1FEDFAF60095C913 /* Info.plist */ = {isa = PBXFileReference; lastKnownFileType = text.plist.xml; path = Info.plist; sourceTree = "<group>"; };
		A7EDF5291FFCAF87008F99E5 /* YelpData.swift */ = {isa = PBXFileReference; lastKnownFileType = sourcecode.swift; path = YelpData.swift; sourceTree = "<group>"; };
/* End PBXFileReference section */

/* Begin PBXFrameworksBuildPhase section */
		A7E338F81FEDFAF60095C913 /* Frameworks */ = {
			isa = PBXFrameworksBuildPhase;
			buildActionMask = 2147483647;
			files = (
				B56A7DA11BE08529BAE0354A /* Pods_Picky.framework in Frameworks */,
			);
			runOnlyForDeploymentPostprocessing = 0;
		};
/* End PBXFrameworksBuildPhase section */

/* Begin PBXGroup section */
		921C178783924066C01E0924 /* Pods */ = {
			isa = PBXGroup;
			children = (
				59B23F115565B4F1C6D4C75D /* Pods-Picky.debug.xcconfig */,
				1B81A3A8EE40FCEEDF4498A9 /* Pods-Picky.release.xcconfig */,
			);
			name = Pods;
			sourceTree = "<group>";
		};
		A7313B1A1FF7262F00C35460 /* Auth */ = {
			isa = PBXGroup;
			children = (
				A7E339001FEDFAF60095C913 /* LaunchViewController.swift */,
				A73412D81FF70F2A0074777C /* LoginViewController.swift */,
				A7313B181FF7261C00C35460 /* SignupViewController.swift */,
				A75E20581FF75A5300524EC5 /* GoogleDelegate.swift */,
				A78E59B920034604000793A3 /* LoadingViewController.swift */,
				A763490C200499AC00C9EB0F /* BlurButton.swift */,
			);
			path = Auth;
			sourceTree = "<group>";
		};
		A7313B1B1FF744FC00C35460 /* Filter */ = {
			isa = PBXGroup;
			children = (
				A7313B1C1FF7455E00C35460 /* FoodTableViewController.swift */,
				A7BC05A71FF882C600905C89 /* FilterData.swift */,
				A7BC05A91FF8A93000905C89 /* PickyViewController.swift */,
				A7BC05AB1FF8AD8400905C89 /* PickyView.swift */,
				A779A7B11FF9CA040093CB51 /* HighlightButton.swift */,
			);
			path = Filter;
			sourceTree = "<group>";
		};
		A779A7B51FF9D61B0093CB51 /* Restaurant */ = {
			isa = PBXGroup;
			children = (
				A779A7B31FF9D0680093CB51 /* RestaurantViewController.swift */,
				A7EDF5291FFCAF87008F99E5 /* YelpData.swift */,
			);
			path = Restaurant;
			sourceTree = "<group>";
		};
		A7E338F21FEDFAF60095C913 = {
			isa = PBXGroup;
			children = (
				A7E338FD1FEDFAF60095C913 /* Picky */,
				A7E338FC1FEDFAF60095C913 /* Products */,
				921C178783924066C01E0924 /* Pods */,
				F2EFA164F72428B1ABA7E96E /* Frameworks */,
			);
			sourceTree = "<group>";
		};
		A7E338FC1FEDFAF60095C913 /* Products */ = {
			isa = PBXGroup;
			children = (
				A7E338FB1FEDFAF60095C913 /* Picky.app */,
			);
			name = Products;
			sourceTree = "<group>";
		};
		A7E338FD1FEDFAF60095C913 /* Picky */ = {
			isa = PBXGroup;
			children = (
				A763490E2004A7D400C9EB0F /* Mission-Script.otf */,
				A76349102004AD6800C9EB0F /* SanFranciscoText-Regular.otf */,
				A7E338FE1FEDFAF60095C913 /* AppDelegate.swift */,
				A700C4F11FF798BB0001A777 /* Extensions.swift */,
				A7313B1A1FF7262F00C35460 /* Auth */,
				A7313B1B1FF744FC00C35460 /* Filter */,
				A779A7B51FF9D61B0093CB51 /* Restaurant */,
				A7E339021FEDFAF60095C913 /* Main.storyboard */,
				A7E339051FEDFAF60095C913 /* Assets.xcassets */,
				A7E339071FEDFAF60095C913 /* LaunchScreen.storyboard */,
				A7E3390A1FEDFAF60095C913 /* Info.plist */,
				A7C567FE1FF702D200BB47C8 /* GoogleService-Info.plist */,
			);
			path = Picky;
			sourceTree = "<group>";
		};
		F2EFA164F72428B1ABA7E96E /* Frameworks */ = {
			isa = PBXGroup;
			children = (
				1303C1B20B31566A3CCE66FB /* Pods_Picky.framework */,
			);
			name = Frameworks;
			sourceTree = "<group>";
		};
/* End PBXGroup section */

/* Begin PBXNativeTarget section */
		A7E338FA1FEDFAF60095C913 /* Picky */ = {
			isa = PBXNativeTarget;
			buildConfigurationList = A7E3390D1FEDFAF60095C913 /* Build configuration list for PBXNativeTarget "Picky" */;
			buildPhases = (
				259717E598AE75A46213023C /* [CP] Check Pods Manifest.lock */,
				A7E338F71FEDFAF60095C913 /* Sources */,
				A7E338F81FEDFAF60095C913 /* Frameworks */,
				A7E338F91FEDFAF60095C913 /* Resources */,
				ABB7250FA19A52BDC47B9D38 /* [CP] Embed Pods Frameworks */,
				3C0F46E217A2CC9C6BF17303 /* [CP] Copy Pods Resources */,
			);
			buildRules = (
			);
			dependencies = (
			);
			name = Picky;
			productName = Picky;
			productReference = A7E338FB1FEDFAF60095C913 /* Picky.app */;
			productType = "com.apple.product-type.application";
		};
/* End PBXNativeTarget section */

/* Begin PBXProject section */
		A7E338F31FEDFAF60095C913 /* Project object */ = {
			isa = PBXProject;
			attributes = {
				LastSwiftUpdateCheck = 0920;
				LastUpgradeCheck = 0920;
				ORGANIZATIONNAME = ACDev;
				TargetAttributes = {
					A7E338FA1FEDFAF60095C913 = {
						CreatedOnToolsVersion = 9.2;
						ProvisioningStyle = Automatic;
					};
				};
			};
			buildConfigurationList = A7E338F61FEDFAF60095C913 /* Build configuration list for PBXProject "Picky" */;
			compatibilityVersion = "Xcode 8.0";
			developmentRegion = en;
			hasScannedForEncodings = 0;
			knownRegions = (
				en,
				Base,
			);
			mainGroup = A7E338F21FEDFAF60095C913;
			productRefGroup = A7E338FC1FEDFAF60095C913 /* Products */;
			projectDirPath = "";
			projectRoot = "";
			targets = (
				A7E338FA1FEDFAF60095C913 /* Picky */,
			);
		};
/* End PBXProject section */

/* Begin PBXResourcesBuildPhase section */
		A7E338F91FEDFAF60095C913 /* Resources */ = {
			isa = PBXResourcesBuildPhase;
			buildActionMask = 2147483647;
			files = (
				A763490F2004A7EA00C9EB0F /* Mission-Script.otf in Resources */,
				A7E339091FEDFAF60095C913 /* LaunchScreen.storyboard in Resources */,
				A7C567FF1FF702D200BB47C8 /* GoogleService-Info.plist in Resources */,
				A7E339061FEDFAF60095C913 /* Assets.xcassets in Resources */,
				A7E339041FEDFAF60095C913 /* Main.storyboard in Resources */,
				A76349122004AD6E00C9EB0F /* SanFranciscoText-Regular.otf in Resources */,
			);
			runOnlyForDeploymentPostprocessing = 0;
		};
/* End PBXResourcesBuildPhase section */

/* Begin PBXShellScriptBuildPhase section */
		259717E598AE75A46213023C /* [CP] Check Pods Manifest.lock */ = {
			isa = PBXShellScriptBuildPhase;
			buildActionMask = 2147483647;
			files = (
			);
			inputPaths = (
				"${PODS_PODFILE_DIR_PATH}/Podfile.lock",
				"${PODS_ROOT}/Manifest.lock",
			);
			name = "[CP] Check Pods Manifest.lock";
			outputPaths = (
				"$(DERIVED_FILE_DIR)/Pods-Picky-checkManifestLockResult.txt",
			);
			runOnlyForDeploymentPostprocessing = 0;
			shellPath = /bin/sh;
			shellScript = "diff \"${PODS_PODFILE_DIR_PATH}/Podfile.lock\" \"${PODS_ROOT}/Manifest.lock\" > /dev/null\nif [ $? != 0 ] ; then\n    # print error to STDERR\n    echo \"error: The sandbox is not in sync with the Podfile.lock. Run 'pod install' or update your CocoaPods installation.\" >&2\n    exit 1\nfi\n# This output is used by Xcode 'outputs' to avoid re-running this script phase.\necho \"SUCCESS\" > \"${SCRIPT_OUTPUT_FILE_0}\"\n";
			showEnvVarsInLog = 0;
		};
		3C0F46E217A2CC9C6BF17303 /* [CP] Copy Pods Resources */ = {
			isa = PBXShellScriptBuildPhase;
			buildActionMask = 2147483647;
			files = (
			);
			inputPaths = (
				"${SRCROOT}/Pods/Target Support Files/Pods-Picky/Pods-Picky-resources.sh",
				"${PODS_ROOT}/GoogleSignIn/Resources/GoogleSignIn.bundle",
			);
			name = "[CP] Copy Pods Resources";
			outputPaths = (
				"${TARGET_BUILD_DIR}/${UNLOCALIZED_RESOURCES_FOLDER_PATH}",
			);
			runOnlyForDeploymentPostprocessing = 0;
			shellPath = /bin/sh;
			shellScript = "\"${SRCROOT}/Pods/Target Support Files/Pods-Picky/Pods-Picky-resources.sh\"\n";
			showEnvVarsInLog = 0;
		};
		ABB7250FA19A52BDC47B9D38 /* [CP] Embed Pods Frameworks */ = {
			isa = PBXShellScriptBuildPhase;
			buildActionMask = 2147483647;
			files = (
			);
			inputPaths = (
				"${SRCROOT}/Pods/Target Support Files/Pods-Picky/Pods-Picky-frameworks.sh",
				"${BUILT_PRODUCTS_DIR}/Alamofire/Alamofire.framework",
				"${BUILT_PRODUCTS_DIR}/GTMOAuth2/GTMOAuth2.framework",
				"${BUILT_PRODUCTS_DIR}/GTMSessionFetcher/GTMSessionFetcher.framework",
				"${BUILT_PRODUCTS_DIR}/GoogleToolboxForMac/GoogleToolboxForMac.framework",
				"${BUILT_PRODUCTS_DIR}/leveldb-library/leveldb.framework",
				"${BUILT_PRODUCTS_DIR}/nanopb/nanopb.framework",
			);
			name = "[CP] Embed Pods Frameworks";
			outputPaths = (
				"${TARGET_BUILD_DIR}/${FRAMEWORKS_FOLDER_PATH}/Alamofire.framework",
				"${TARGET_BUILD_DIR}/${FRAMEWORKS_FOLDER_PATH}/GTMOAuth2.framework",
				"${TARGET_BUILD_DIR}/${FRAMEWORKS_FOLDER_PATH}/GTMSessionFetcher.framework",
				"${TARGET_BUILD_DIR}/${FRAMEWORKS_FOLDER_PATH}/GoogleToolboxForMac.framework",
				"${TARGET_BUILD_DIR}/${FRAMEWORKS_FOLDER_PATH}/leveldb.framework",
				"${TARGET_BUILD_DIR}/${FRAMEWORKS_FOLDER_PATH}/nanopb.framework",
			);
			runOnlyForDeploymentPostprocessing = 0;
			shellPath = /bin/sh;
			shellScript = "\"${SRCROOT}/Pods/Target Support Files/Pods-Picky/Pods-Picky-frameworks.sh\"\n";
			showEnvVarsInLog = 0;
		};
/* End PBXShellScriptBuildPhase section */

/* Begin PBXSourcesBuildPhase section */
		A7E338F71FEDFAF60095C913 /* Sources */ = {
			isa = PBXSourcesBuildPhase;
			buildActionMask = 2147483647;
			files = (
				A73412D91FF70F2A0074777C /* LoginViewController.swift in Sources */,
				A763490D200499AC00C9EB0F /* BlurButton.swift in Sources */,
				A7EDF52A1FFCAF87008F99E5 /* YelpData.swift in Sources */,
				A779A7B41FF9D0680093CB51 /* RestaurantViewController.swift in Sources */,
				A7BC05AA1FF8A93000905C89 /* PickyViewController.swift in Sources */,
				A7E339011FEDFAF60095C913 /* LaunchViewController.swift in Sources */,
				A7313B1D1FF7455E00C35460 /* FoodTableViewController.swift in Sources */,
				A7BC05A81FF882C600905C89 /* FilterData.swift in Sources */,
				A78E59BA20034604000793A3 /* LoadingViewController.swift in Sources */,
				A75E20591FF75A5300524EC5 /* GoogleDelegate.swift in Sources */,
				A7313B191FF7261C00C35460 /* SignupViewController.swift in Sources */,
				A7BC05AC1FF8AD8400905C89 /* PickyView.swift in Sources */,
				A7E338FF1FEDFAF60095C913 /* AppDelegate.swift in Sources */,
				A779A7B21FF9CA040093CB51 /* HighlightButton.swift in Sources */,
				A700C4F21FF798BB0001A777 /* Extensions.swift in Sources */,
			);
			runOnlyForDeploymentPostprocessing = 0;
		};
/* End PBXSourcesBuildPhase section */

/* Begin PBXVariantGroup section */
		A7E339021FEDFAF60095C913 /* Main.storyboard */ = {
			isa = PBXVariantGroup;
			children = (
				A7E339031FEDFAF60095C913 /* Base */,
			);
			name = Main.storyboard;
			sourceTree = "<group>";
		};
		A7E339071FEDFAF60095C913 /* LaunchScreen.storyboard */ = {
			isa = PBXVariantGroup;
			children = (
				A7E339081FEDFAF60095C913 /* Base */,
			);
			name = LaunchScreen.storyboard;
			sourceTree = "<group>";
		};
/* End PBXVariantGroup section */

/* Begin XCBuildConfiguration section */
		A7E3390B1FEDFAF60095C913 /* Debug */ = {
			isa = XCBuildConfiguration;
			buildSettings = {
				ALWAYS_SEARCH_USER_PATHS = NO;
				CLANG_ANALYZER_NONNULL = YES;
				CLANG_ANALYZER_NUMBER_OBJECT_CONVERSION = YES_AGGRESSIVE;
				CLANG_CXX_LANGUAGE_STANDARD = "gnu++14";
				CLANG_CXX_LIBRARY = "libc++";
				CLANG_ENABLE_MODULES = YES;
				CLANG_ENABLE_OBJC_ARC = YES;
				CLANG_WARN_BLOCK_CAPTURE_AUTORELEASING = YES;
				CLANG_WARN_BOOL_CONVERSION = YES;
				CLANG_WARN_COMMA = YES;
				CLANG_WARN_CONSTANT_CONVERSION = YES;
				CLANG_WARN_DIRECT_OBJC_ISA_USAGE = YES_ERROR;
				CLANG_WARN_DOCUMENTATION_COMMENTS = YES;
				CLANG_WARN_EMPTY_BODY = YES;
				CLANG_WARN_ENUM_CONVERSION = YES;
				CLANG_WARN_INFINITE_RECURSION = YES;
				CLANG_WARN_INT_CONVERSION = YES;
				CLANG_WARN_NON_LITERAL_NULL_CONVERSION = YES;
				CLANG_WARN_OBJC_LITERAL_CONVERSION = YES;
				CLANG_WARN_OBJC_ROOT_CLASS = YES_ERROR;
				CLANG_WARN_RANGE_LOOP_ANALYSIS = YES;
				CLANG_WARN_STRICT_PROTOTYPES = YES;
				CLANG_WARN_SUSPICIOUS_MOVE = YES;
				CLANG_WARN_UNGUARDED_AVAILABILITY = YES_AGGRESSIVE;
				CLANG_WARN_UNREACHABLE_CODE = YES;
				CLANG_WARN__DUPLICATE_METHOD_MATCH = YES;
				CODE_SIGN_IDENTITY = "iPhone Developer";
				COPY_PHASE_STRIP = NO;
				DEBUG_INFORMATION_FORMAT = dwarf;
				ENABLE_STRICT_OBJC_MSGSEND = YES;
				ENABLE_TESTABILITY = YES;
				GCC_C_LANGUAGE_STANDARD = gnu11;
				GCC_DYNAMIC_NO_PIC = NO;
				GCC_NO_COMMON_BLOCKS = YES;
				GCC_OPTIMIZATION_LEVEL = 0;
				GCC_PREPROCESSOR_DEFINITIONS = (
					"DEBUG=1",
					"$(inherited)",
				);
				GCC_WARN_64_TO_32_BIT_CONVERSION = YES;
				GCC_WARN_ABOUT_RETURN_TYPE = YES_ERROR;
				GCC_WARN_UNDECLARED_SELECTOR = YES;
				GCC_WARN_UNINITIALIZED_AUTOS = YES_AGGRESSIVE;
				GCC_WARN_UNUSED_FUNCTION = YES;
				GCC_WARN_UNUSED_VARIABLE = YES;
				IPHONEOS_DEPLOYMENT_TARGET = 11.2;
				MTL_ENABLE_DEBUG_INFO = YES;
				ONLY_ACTIVE_ARCH = YES;
				SDKROOT = iphoneos;
				SWIFT_ACTIVE_COMPILATION_CONDITIONS = DEBUG;
				SWIFT_OPTIMIZATION_LEVEL = "-Onone";
			};
			name = Debug;
		};
		A7E3390C1FEDFAF60095C913 /* Release */ = {
			isa = XCBuildConfiguration;
			buildSettings = {
				ALWAYS_SEARCH_USER_PATHS = NO;
				CLANG_ANALYZER_NONNULL = YES;
				CLANG_ANALYZER_NUMBER_OBJECT_CONVERSION = YES_AGGRESSIVE;
				CLANG_CXX_LANGUAGE_STANDARD = "gnu++14";
				CLANG_CXX_LIBRARY = "libc++";
				CLANG_ENABLE_MODULES = YES;
				CLANG_ENABLE_OBJC_ARC = YES;
				CLANG_WARN_BLOCK_CAPTURE_AUTORELEASING = YES;
				CLANG_WARN_BOOL_CONVERSION = YES;
				CLANG_WARN_COMMA = YES;
				CLANG_WARN_CONSTANT_CONVERSION = YES;
				CLANG_WARN_DIRECT_OBJC_ISA_USAGE = YES_ERROR;
				CLANG_WARN_DOCUMENTATION_COMMENTS = YES;
				CLANG_WARN_EMPTY_BODY = YES;
				CLANG_WARN_ENUM_CONVERSION = YES;
				CLANG_WARN_INFINITE_RECURSION = YES;
				CLANG_WARN_INT_CONVERSION = YES;
				CLANG_WARN_NON_LITERAL_NULL_CONVERSION = YES;
				CLANG_WARN_OBJC_LITERAL_CONVERSION = YES;
				CLANG_WARN_OBJC_ROOT_CLASS = YES_ERROR;
				CLANG_WARN_RANGE_LOOP_ANALYSIS = YES;
				CLANG_WARN_STRICT_PROTOTYPES = YES;
				CLANG_WARN_SUSPICIOUS_MOVE = YES;
				CLANG_WARN_UNGUARDED_AVAILABILITY = YES_AGGRESSIVE;
				CLANG_WARN_UNREACHABLE_CODE = YES;
				CLANG_WARN__DUPLICATE_METHOD_MATCH = YES;
				CODE_SIGN_IDENTITY = "iPhone Developer";
				COPY_PHASE_STRIP = NO;
				DEBUG_INFORMATION_FORMAT = "dwarf-with-dsym";
				ENABLE_NS_ASSERTIONS = NO;
				ENABLE_STRICT_OBJC_MSGSEND = YES;
				GCC_C_LANGUAGE_STANDARD = gnu11;
				GCC_NO_COMMON_BLOCKS = YES;
				GCC_WARN_64_TO_32_BIT_CONVERSION = YES;
				GCC_WARN_ABOUT_RETURN_TYPE = YES_ERROR;
				GCC_WARN_UNDECLARED_SELECTOR = YES;
				GCC_WARN_UNINITIALIZED_AUTOS = YES_AGGRESSIVE;
				GCC_WARN_UNUSED_FUNCTION = YES;
				GCC_WARN_UNUSED_VARIABLE = YES;
				IPHONEOS_DEPLOYMENT_TARGET = 11.2;
				MTL_ENABLE_DEBUG_INFO = NO;
				SDKROOT = iphoneos;
				SWIFT_OPTIMIZATION_LEVEL = "-Owholemodule";
				VALIDATE_PRODUCT = YES;
			};
			name = Release;
		};
		A7E3390E1FEDFAF60095C913 /* Debug */ = {
			isa = XCBuildConfiguration;
			baseConfigurationReference = 59B23F115565B4F1C6D4C75D /* Pods-Picky.debug.xcconfig */;
			buildSettings = {
				ASSETCATALOG_COMPILER_APPICON_NAME = AppIcon;
				CODE_SIGN_STYLE = Automatic;
				DEVELOPMENT_TEAM = 59T98P6E4G;
				INFOPLIST_FILE = Picky/Info.plist;
				LD_RUNPATH_SEARCH_PATHS = "$(inherited) @executable_path/Frameworks";
				PRODUCT_BUNDLE_IDENTIFIER = ACDev.Picky;
				PRODUCT_NAME = "$(TARGET_NAME)";
				SWIFT_VERSION = 4.0;
				TARGETED_DEVICE_FAMILY = "1,2";
			};
			name = Debug;
		};
		A7E3390F1FEDFAF60095C913 /* Release */ = {
			isa = XCBuildConfiguration;
			baseConfigurationReference = 1B81A3A8EE40FCEEDF4498A9 /* Pods-Picky.release.xcconfig */;
			buildSettings = {
				ASSETCATALOG_COMPILER_APPICON_NAME = AppIcon;
				CODE_SIGN_STYLE = Automatic;
				DEVELOPMENT_TEAM = 59T98P6E4G;
				INFOPLIST_FILE = Picky/Info.plist;
				LD_RUNPATH_SEARCH_PATHS = "$(inherited) @executable_path/Frameworks";
				PRODUCT_BUNDLE_IDENTIFIER = ACDev.Picky;
				PRODUCT_NAME = "$(TARGET_NAME)";
				SWIFT_VERSION = 4.0;
				TARGETED_DEVICE_FAMILY = "1,2";
			};
			name = Release;
		};
/* End XCBuildConfiguration section */

/* Begin XCConfigurationList section */
		A7E338F61FEDFAF60095C913 /* Build configuration list for PBXProject "Picky" */ = {
			isa = XCConfigurationList;
			buildConfigurations = (
				A7E3390B1FEDFAF60095C913 /* Debug */,
				A7E3390C1FEDFAF60095C913 /* Release */,
			);
			defaultConfigurationIsVisible = 0;
			defaultConfigurationName = Release;
		};
		A7E3390D1FEDFAF60095C913 /* Build configuration list for PBXNativeTarget "Picky" */ = {
			isa = XCConfigurationList;
			buildConfigurations = (
				A7E3390E1FEDFAF60095C913 /* Debug */,
				A7E3390F1FEDFAF60095C913 /* Release */,
			);
			defaultConfigurationIsVisible = 0;
			defaultConfigurationName = Release;
		};
/* End XCConfigurationList section */
	};
	rootObject = A7E338F31FEDFAF60095C913 /* Project object */;
}
